// !$*UTF8*$!
{
	archiveVersion = 1;
	classes = {
	};
	objectVersion = 46;
	objects = {

/* Begin PBXBuildFile section */
		68D7089117D2984F0092788F /* UIKit.framework in Frameworks */ = {isa = PBXBuildFile; fileRef = 68D7089017D2984F0092788F /* UIKit.framework */; };
		68D7089317D2984F0092788F /* Foundation.framework in Frameworks */ = {isa = PBXBuildFile; fileRef = 68D7089217D2984F0092788F /* Foundation.framework */; };
		68D7089517D2984F0092788F /* CoreGraphics.framework in Frameworks */ = {isa = PBXBuildFile; fileRef = 68D7089417D2984F0092788F /* CoreGraphics.framework */; };
		68D7089B17D2984F0092788F /* InfoPlist.strings in Resources */ = {isa = PBXBuildFile; fileRef = 68D7089917D2984F0092788F /* InfoPlist.strings */; };
		68D7089D17D2984F0092788F /* main.m in Sources */ = {isa = PBXBuildFile; fileRef = 68D7089C17D2984F0092788F /* main.m */; };
		68D708A117D2984F0092788F /* AppDelegate.m in Sources */ = {isa = PBXBuildFile; fileRef = 68D708A017D2984F0092788F /* AppDelegate.m */; };
		68D708A317D2984F0092788F /* Default.png in Resources */ = {isa = PBXBuildFile; fileRef = 68D708A217D2984F0092788F /* Default.png */; };
		68D708A517D2984F0092788F /* Default@2x.png in Resources */ = {isa = PBXBuildFile; fileRef = 68D708A417D2984F0092788F /* Default@2x.png */; };
		68D708A717D2984F0092788F /* Default-568h@2x.png in Resources */ = {isa = PBXBuildFile; fileRef = 68D708A617D2984F0092788F /* Default-568h@2x.png */; };
		68D708AA17D2984F0092788F /* MainStoryboard.storyboard in Resources */ = {isa = PBXBuildFile; fileRef = 68D708A817D2984F0092788F /* MainStoryboard.storyboard */; };
		68D708AD17D2984F0092788F /* ViewController.m in Sources */ = {isa = PBXBuildFile; fileRef = 68D708AC17D2984F0092788F /* ViewController.m */; };
/* End PBXBuildFile section */

/* Begin PBXFileReference section */
		68D7088D17D2984F0092788F /* bopeep.app */ = {isa = PBXFileReference; explicitFileType = wrapper.application; includeInIndex = 0; path = bopeep.app; sourceTree = BUILT_PRODUCTS_DIR; };
		68D7089017D2984F0092788F /* UIKit.framework */ = {isa = PBXFileReference; lastKnownFileType = wrapper.framework; name = UIKit.framework; path = System/Library/Frameworks/UIKit.framework; sourceTree = SDKROOT; };
		68D7089217D2984F0092788F /* Foundation.framework */ = {isa = PBXFileReference; lastKnownFileType = wrapper.framework; name = Foundation.framework; path = System/Library/Frameworks/Foundation.framework; sourceTree = SDKROOT; };
		68D7089417D2984F0092788F /* CoreGraphics.framework */ = {isa = PBXFileReference; lastKnownFileType = wrapper.framework; name = CoreGraphics.framework; path = System/Library/Frameworks/CoreGraphics.framework; sourceTree = SDKROOT; };
		68D7089817D2984F0092788F /* bopeep-Info.plist */ = {isa = PBXFileReference; lastKnownFileType = text.plist.xml; path = "bopeep-Info.plist"; sourceTree = "<group>"; };
		68D7089A17D2984F0092788F /* en */ = {isa = PBXFileReference; lastKnownFileType = text.plist.strings; name = en; path = en.lproj/InfoPlist.strings; sourceTree = "<group>"; };
		68D7089C17D2984F0092788F /* main.m */ = {isa = PBXFileReference; lastKnownFileType = sourcecode.c.objc; path = main.m; sourceTree = "<group>"; };
		68D7089E17D2984F0092788F /* bopeep-Prefix.pch */ = {isa = PBXFileReference; lastKnownFileType = sourcecode.c.h; path = "bopeep-Prefix.pch"; sourceTree = "<group>"; };
		68D7089F17D2984F0092788F /* AppDelegate.h */ = {isa = PBXFileReference; lastKnownFileType = sourcecode.c.h; path = AppDelegate.h; sourceTree = "<group>"; };
		68D708A017D2984F0092788F /* AppDelegate.m */ = {isa = PBXFileReference; lastKnownFileType = sourcecode.c.objc; path = AppDelegate.m; sourceTree = "<group>"; };
		68D708A217D2984F0092788F /* Default.png */ = {isa = PBXFileReference; lastKnownFileType = image.png; path = Default.png; sourceTree = "<group>"; };
		68D708A417D2984F0092788F /* Default@2x.png */ = {isa = PBXFileReference; lastKnownFileType = image.png; path = "Default@2x.png"; sourceTree = "<group>"; };
		68D708A617D2984F0092788F /* Default-568h@2x.png */ = {isa = PBXFileReference; lastKnownFileType = image.png; path = "Default-568h@2x.png"; sourceTree = "<group>"; };
		68D708A917D2984F0092788F /* en */ = {isa = PBXFileReference; lastKnownFileType = file.storyboard; name = en; path = en.lproj/MainStoryboard.storyboard; sourceTree = "<group>"; };
		68D708AB17D2984F0092788F /* ViewController.h */ = {isa = PBXFileReference; lastKnownFileType = sourcecode.c.h; path = ViewController.h; sourceTree = "<group>"; };
		68D708AC17D2984F0092788F /* ViewController.m */ = {isa = PBXFileReference; lastKnownFileType = sourcecode.c.objc; path = ViewController.m; sourceTree = "<group>"; };
/* End PBXFileReference section */

/* Begin PBXFrameworksBuildPhase section */
		68D7088A17D2984F0092788F /* Frameworks */ = {
			isa = PBXFrameworksBuildPhase;
			buildActionMask = 2147483647;
			files = (
				68D7089117D2984F0092788F /* UIKit.framework in Frameworks */,
				68D7089317D2984F0092788F /* Foundation.framework in Frameworks */,
				68D7089517D2984F0092788F /* CoreGraphics.framework in Frameworks */,
			);
			runOnlyForDeploymentPostprocessing = 0;
		};
/* End PBXFrameworksBuildPhase section */

/* Begin PBXGroup section */
		68D7088417D2984E0092788F = {
			isa = PBXGroup;
			children = (
				68D7089617D2984F0092788F /* bopeep */,
				68D7088F17D2984F0092788F /* Frameworks */,
				68D7088E17D2984F0092788F /* Products */,
			);
			sourceTree = "<group>";
		};
		68D7088E17D2984F0092788F /* Products */ = {
			isa = PBXGroup;
			children = (
				68D7088D17D2984F0092788F /* bopeep.app */,
			);
			name = Products;
			sourceTree = "<group>";
		};
		68D7088F17D2984F0092788F /* Frameworks */ = {
			isa = PBXGroup;
			children = (
				68D7089017D2984F0092788F /* UIKit.framework */,
				68D7089217D2984F0092788F /* Foundation.framework */,
				68D7089417D2984F0092788F /* CoreGraphics.framework */,
			);
			name = Frameworks;
			sourceTree = "<group>";
		};
		68D7089617D2984F0092788F /* bopeep */ = {
			isa = PBXGroup;
			children = (
				68D7089F17D2984F0092788F /* AppDelegate.h */,
				68D708A017D2984F0092788F /* AppDelegate.m */,
				68D708A817D2984F0092788F /* MainStoryboard.storyboard */,
				68D708AB17D2984F0092788F /* ViewController.h */,
				68D708AC17D2984F0092788F /* ViewController.m */,
				68D7089717D2984F0092788F /* Supporting Files */,
			);
			path = bopeep;
			sourceTree = "<group>";
		};
		68D7089717D2984F0092788F /* Supporting Files */ = {
			isa = PBXGroup;
			children = (
				68D7089817D2984F0092788F /* bopeep-Info.plist */,
				68D7089917D2984F0092788F /* InfoPlist.strings */,
				68D7089C17D2984F0092788F /* main.m */,
				68D7089E17D2984F0092788F /* bopeep-Prefix.pch */,
				68D708A217D2984F0092788F /* Default.png */,
				68D708A417D2984F0092788F /* Default@2x.png */,
				68D708A617D2984F0092788F /* Default-568h@2x.png */,
			);
			name = "Supporting Files";
			sourceTree = "<group>";
		};
/* End PBXGroup section */

/* Begin PBXNativeTarget section */
		68D7088C17D2984F0092788F /* bopeep */ = {
			isa = PBXNativeTarget;
			buildConfigurationList = 68D708B017D2984F0092788F /* Build configuration list for PBXNativeTarget "bopeep" */;
			buildPhases = (
				68D7088917D2984F0092788F /* Sources */,
				68D7088A17D2984F0092788F /* Frameworks */,
				68D7088B17D2984F0092788F /* Resources */,
			);
			buildRules = (
			);
			dependencies = (
			);
			name = bopeep;
			productName = bopeep;
			productReference = 68D7088D17D2984F0092788F /* bopeep.app */;
			productType = "com.apple.product-type.application";
		};
/* End PBXNativeTarget section */

/* Begin PBXProject section */
		68D7088517D2984F0092788F /* Project object */ = {
			isa = PBXProject;
			attributes = {
				LastUpgradeCheck = 0460;
				ORGANIZATIONNAME = milieu;
			};
			buildConfigurationList = 68D7088817D2984F0092788F /* Build configuration list for PBXProject "bopeep" */;
			compatibilityVersion = "Xcode 3.2";
			developmentRegion = English;
			hasScannedForEncodings = 0;
			knownRegions = (
				en,
			);
			mainGroup = 68D7088417D2984E0092788F;
			productRefGroup = 68D7088E17D2984F0092788F /* Products */;
			projectDirPath = "";
			projectRoot = "";
			targets = (
				68D7088C17D2984F0092788F /* bopeep */,
			);
		};
/* End PBXProject section */

/* Begin PBXResourcesBuildPhase section */
		68D7088B17D2984F0092788F /* Resources */ = {
			isa = PBXResourcesBuildPhase;
			buildActionMask = 2147483647;
			files = (
				68D7089B17D2984F0092788F /* InfoPlist.strings in Resources */,
				68D708A317D2984F0092788F /* Default.png in Resources */,
				68D708A517D2984F0092788F /* Default@2x.png in Resources */,
				68D708A717D2984F0092788F /* Default-568h@2x.png in Resources */,
				68D708AA17D2984F0092788F /* MainStoryboard.storyboard in Resources */,
			);
			runOnlyForDeploymentPostprocessing = 0;
		};
/* End PBXResourcesBuildPhase section */

/* Begin PBXSourcesBuildPhase section */
		68D7088917D2984F0092788F /* Sources */ = {
			isa = PBXSourcesBuildPhase;
			buildActionMask = 2147483647;
			files = (
				68D7089D17D2984F0092788F /* main.m in Sources */,
				68D708A117D2984F0092788F /* AppDelegate.m in Sources */,
				68D708AD17D2984F0092788F /* ViewController.m in Sources */,
			);
			runOnlyForDeploymentPostprocessing = 0;
		};
/* End PBXSourcesBuildPhase section */

/* Begin PBXVariantGroup section */
		68D7089917D2984F0092788F /* InfoPlist.strings */ = {
			isa = PBXVariantGroup;
			children = (
				68D7089A17D2984F0092788F /* en */,
			);
			name = InfoPlist.strings;
			sourceTree = "<group>";
		};
		68D708A817D2984F0092788F /* MainStoryboard.storyboard */ = {
			isa = PBXVariantGroup;
			children = (
				68D708A917D2984F0092788F /* en */,
			);
			name = MainStoryboard.storyboard;
			sourceTree = "<group>";
		};
/* End PBXVariantGroup section */

/* Begin XCBuildConfiguration section */
		68D708AE17D2984F0092788F /* Debug */ = {
			isa = XCBuildConfiguration;
			buildSettings = {
				ALWAYS_SEARCH_USER_PATHS = NO;
				CLANG_CXX_LANGUAGE_STANDARD = "gnu++0x";
				CLANG_CXX_LIBRARY = "libc++";
				CLANG_ENABLE_OBJC_ARC = YES;
				CLANG_WARN_CONSTANT_CONVERSION = YES;
				CLANG_WARN_EMPTY_BODY = YES;
				CLANG_WARN_ENUM_CONVERSION = YES;
				CLANG_WARN_INT_CONVERSION = YES;
				CLANG_WARN__DUPLICATE_METHOD_MATCH = YES;
				"CODE_SIGN_IDENTITY[sdk=iphoneos*]" = "iPhone Developer";
				COPY_PHASE_STRIP = NO;
				GCC_C_LANGUAGE_STANDARD = gnu99;
				GCC_DYNAMIC_NO_PIC = NO;
				GCC_OPTIMIZATION_LEVEL = 0;
				GCC_PREPROCESSOR_DEFINITIONS = (
					"DEBUG=1",
					"$(inherited)",
				);
				GCC_SYMBOLS_PRIVATE_EXTERN = NO;
				GCC_WARN_ABOUT_RETURN_TYPE = YES;
				GCC_WARN_UNINITIALIZED_AUTOS = YES;
				GCC_WARN_UNUSED_VARIABLE = YES;
				IPHONEOS_DEPLOYMENT_TARGET = 6.1;
				ONLY_ACTIVE_ARCH = YES;
				SDKROOT = iphoneos;
			};
			name = Debug;
		};
		68D708AF17D2984F0092788F /* Release */ = {
			isa = XCBuildConfiguration;
			buildSettings = {
				ALWAYS_SEARCH_USER_PATHS = NO;
				CLANG_CXX_LANGUAGE_STANDARD = "gnu++0x";
				CLANG_CXX_LIBRARY = "libc++";
				CLANG_ENABLE_OBJC_ARC = YES;
				CLANG_WARN_CONSTANT_CONVERSION = YES;
				CLANG_WARN_EMPTY_BODY = YES;
				CLANG_WARN_ENUM_CONVERSION = YES;
				CLANG_WARN_INT_CONVERSION = YES;
				CLANG_WARN__DUPLICATE_METHOD_MATCH = YES;
				"CODE_SIGN_IDENTITY[sdk=iphoneos*]" = "iPhone Developer";
				COPY_PHASE_STRIP = YES;
				GCC_C_LANGUAGE_STANDARD = gnu99;
				GCC_WARN_ABOUT_RETURN_TYPE = YES;
				GCC_WARN_UNINITIALIZED_AUTOS = YES;
				GCC_WARN_UNUSED_VARIABLE = YES;
				IPHONEOS_DEPLOYMENT_TARGET = 6.1;
				OTHER_CFLAGS = "-DNS_BLOCK_ASSERTIONS=1";
				SDKROOT = iphoneos;
				VALIDATE_PRODUCT = YES;
			};
			name = Release;
		};
		68D708B117D2984F0092788F /* Debug */ = {
			isa = XCBuildConfiguration;
			buildSettings = {
				GCC_PRECOMPILE_PREFIX_HEADER = YES;
				GCC_PREFIX_HEADER = "bopeep/bopeep-Prefix.pch";
				INFOPLIST_FILE = "bopeep/bopeep-Info.plist";
				PRODUCT_NAME = "$(TARGET_NAME)";
				WRAPPER_EXTENSION = app;
			};
			name = Debug;
		};
		68D708B217D2984F0092788F /* Release */ = {
			isa = XCBuildConfiguration;
			buildSettings = {
				GCC_PRECOMPILE_PREFIX_HEADER = YES;
				GCC_PREFIX_HEADER = "bopeep/bopeep-Prefix.pch";
				INFOPLIST_FILE = "bopeep/bopeep-Info.plist";
				PRODUCT_NAME = "$(TARGET_NAME)";
				WRAPPER_EXTENSION = app;
			};
			name = Release;
		};
/* End XCBuildConfiguration section */

/* Begin XCConfigurationList section */
		68D7088817D2984F0092788F /* Build configuration list for PBXProject "bopeep" */ = {
			isa = XCConfigurationList;
			buildConfigurations = (
				68D708AE17D2984F0092788F /* Debug */,
				68D708AF17D2984F0092788F /* Release */,
			);
			defaultConfigurationIsVisible = 0;
			defaultConfigurationName = Release;
		};
		68D708B017D2984F0092788F /* Build configuration list for PBXNativeTarget "bopeep" */ = {
			isa = XCConfigurationList;
			buildConfigurations = (
				68D708B117D2984F0092788F /* Debug */,
				68D708B217D2984F0092788F /* Release */,
			);
			defaultConfigurationIsVisible = 0;
		};
/* End XCConfigurationList section */
	};
	rootObject = 68D7088517D2984F0092788F /* Project object */;
}
